
Microsoft Visual Studio Solution File, Format Version 12.00
Project("{FAE04EC0-301F-11D3-BF4B-00C04F79EFBC}") = "ColiseumTask", "ColiseumTask\ColiseumTask.csproj", "{83834823-06C5-4742-832E-D85B47A50BB3}"
EndProject
Project("{FAE04EC0-301F-11D3-BF4B-00C04F79EFBC}") = "Strategy", "Strategy\Strategy.csproj", "{66314117-FCF3-499E-A8BF-460065A1CD37}"
EndProject
Project("{FAE04EC0-301F-11D3-BF4B-00C04F79EFBC}") = "CardLib", "CardLib\CardLib.csproj", "{40E93573-0850-4DD9-872C-F61C19AA3283}"
EndProject
Project("{FAE04EC0-301F-11D3-BF4B-00C04F79EFBC}") = "DeckShuffler", "DeckShuffler\DeckShuffler.csproj", "{65F81187-1FCF-4A94-A52F-1EB101F63F50}"
EndProject
Project("{FAE04EC0-301F-11D3-BF4B-00C04F79EFBC}") = "PlayersLib", "PlayersLib\PlayersLib.csproj", "{26FC91FB-3B35-4ED1-AD70-F8F9A23ED008}"
EndProject
Project("{FAE04EC0-301F-11D3-BF4B-00C04F79EFBC}") = "ExperimentWorkerLib", "ExperimentWorkerLib\ExperimentWorkerLib.csproj", "{4F47D8DF-B215-4383-9E77-874EE39CE12D}"
EndProject
Project("{FAE04EC0-301F-11D3-BF4B-00C04F79EFBC}") = "Abstracts", "Abstracts\Abstracts.csproj", "{64B9729A-FB94-4CE9-BC70-9F23CE720109}"
EndProject
Project("{FAE04EC0-301F-11D3-BF4B-00C04F79EFBC}") = "UnitTests", "UnitTests\UnitTests.csproj", "{A76CBB5B-8122-49A8-A61D-60799FB0E121}"
EndProject
Global
	GlobalSection(SolutionConfigurationPlatforms) = preSolution
		Debug|Any CPU = Debug|Any CPU
		Release|Any CPU = Release|Any CPU
	EndGlobalSection
	GlobalSection(ProjectConfigurationPlatforms) = postSolution
		{83834823-06C5-4742-832E-D85B47A50BB3}.Debug|Any CPU.ActiveCfg = Debug|Any CPU
		{83834823-06C5-4742-832E-D85B47A50BB3}.Debug|Any CPU.Build.0 = Debug|Any CPU
		{83834823-06C5-4742-832E-D85B47A50BB3}.Release|Any CPU.ActiveCfg = Release|Any CPU
		{83834823-06C5-4742-832E-D85B47A50BB3}.Release|Any CPU.Build.0 = Release|Any CPU
		{66314117-FCF3-499E-A8BF-460065A1CD37}.Debug|Any CPU.ActiveCfg = Debug|Any CPU
		{66314117-FCF3-499E-A8BF-460065A1CD37}.Debug|Any CPU.Build.0 = Debug|Any CPU
		{66314117-FCF3-499E-A8BF-460065A1CD37}.Release|Any CPU.ActiveCfg = Release|Any CPU
		{66314117-FCF3-499E-A8BF-460065A1CD37}.Release|Any CPU.Build.0 = Release|Any CPU
		{40E93573-0850-4DD9-872C-F61C19AA3283}.Debug|Any CPU.ActiveCfg = Debug|Any CPU
		{40E93573-0850-4DD9-872C-F61C19AA3283}.Debug|Any CPU.Build.0 = Debug|Any CPU
		{40E93573-0850-4DD9-872C-F61C19AA3283}.Release|Any CPU.ActiveCfg = Release|Any CPU
		{40E93573-0850-4DD9-872C-F61C19AA3283}.Release|Any CPU.Build.0 = Release|Any CPU
		{65F81187-1FCF-4A94-A52F-1EB101F63F50}.Debug|Any CPU.ActiveCfg = Debug|Any CPU
		{65F81187-1FCF-4A94-A52F-1EB101F63F50}.Debug|Any CPU.Build.0 = Debug|Any CPU
		{65F81187-1FCF-4A94-A52F-1EB101F63F50}.Release|Any CPU.ActiveCfg = Release|Any CPU
		{65F81187-1FCF-4A94-A52F-1EB101F63F50}.Release|Any CPU.Build.0 = Release|Any CPU
		{26FC91FB-3B35-4ED1-AD70-F8F9A23ED008}.Debug|Any CPU.ActiveCfg = Debug|Any CPU
		{26FC91FB-3B35-4ED1-AD70-F8F9A23ED008}.Debug|Any CPU.Build.0 = Debug|Any CPU
		{26FC91FB-3B35-4ED1-AD70-F8F9A23ED008}.Release|Any CPU.ActiveCfg = Release|Any CPU
		{26FC91FB-3B35-4ED1-AD70-F8F9A23ED008}.Release|Any CPU.Build.0 = Release|Any CPU
		{4F47D8DF-B215-4383-9E77-874EE39CE12D}.Debug|Any CPU.ActiveCfg = Debug|Any CPU
		{4F47D8DF-B215-4383-9E77-874EE39CE12D}.Debug|Any CPU.Build.0 = Debug|Any CPU
		{4F47D8DF-B215-4383-9E77-874EE39CE12D}.Release|Any CPU.ActiveCfg = Release|Any CPU
		{4F47D8DF-B215-4383-9E77-874EE39CE12D}.Release|Any CPU.Build.0 = Release|Any CPU
		{64B9729A-FB94-4CE9-BC70-9F23CE720109}.Debug|Any CPU.ActiveCfg = Debug|Any CPU
		{64B9729A-FB94-4CE9-BC70-9F23CE720109}.Debug|Any CPU.Build.0 = Debug|Any CPU
		{64B9729A-FB94-4CE9-BC70-9F23CE720109}.Release|Any CPU.ActiveCfg = Release|Any CPU
		{64B9729A-FB94-4CE9-BC70-9F23CE720109}.Release|Any CPU.Build.0 = Release|Any CPU
		{A76CBB5B-8122-49A8-A61D-60799FB0E121}.Debug|Any CPU.ActiveCfg = Debug|Any CPU
		{A76CBB5B-8122-49A8-A61D-60799FB0E121}.Debug|Any CPU.Build.0 = Debug|Any CPU
		{A76CBB5B-8122-49A8-A61D-60799FB0E121}.Release|Any CPU.ActiveCfg = Release|Any CPU
		{A76CBB5B-8122-49A8-A61D-60799FB0E121}.Release|Any CPU.Build.0 = Release|Any CPU
	EndGlobalSection
EndGlobal
